
Microsoft Visual Studio Solution File, Format Version 12.00
# Visual Studio Version 17
VisualStudioVersion = 17.6.33723.286
MinimumVisualStudioVersion = 10.0.40219.1
Project("{FAE04EC0-301F-11D3-BF4B-00C04F79EFBC}") = "Jokes App2", "Jokes App2\Jokes App2.csproj", "{6962C40F-41FA-493B-B5D6-6C555D43EFDA}"
EndProject
Global
	GlobalSection(SolutionConfigurationPlatforms) = preSolution
		Debug|Any CPU = Debug|Any CPU
		Release|Any CPU = Release|Any CPU
	EndGlobalSection
	GlobalSection(ProjectConfigurationPlatforms) = postSolution
		{6962C40F-41FA-493B-B5D6-6C555D43EFDA}.Debug|Any CPU.ActiveCfg = Debug|Any CPU
		{6962C40F-41FA-493B-B5D6-6C555D43EFDA}.Debug|Any CPU.Build.0 = Debug|Any CPU
		{6962C40F-41FA-493B-B5D6-6C555D43EFDA}.Release|Any CPU.ActiveCfg = Release|Any CPU
		{6962C40F-41FA-493B-B5D6-6C555D43EFDA}.Release|Any CPU.Build.0 = Release|Any CPU
	EndGlobalSection
	GlobalSection(SolutionProperties) = preSolution
		HideSolutionNode = FALSE
	EndGlobalSection
	GlobalSection(ExtensibilityGlobals) = postSolution
		SolutionGuid = {566B3A24-DF05-491E-91CE-1BB04DFA65D5}
	EndGlobalSection
EndGlobal
